
Microsoft Visual Studio Solution File, Format Version 11.00
# Visual Studio 2010
Project("{FAE04EC0-301F-11D3-BF4B-00C04F79EFBC}") = "KAOSFormalTools.RefinementChecker", "KAOSFormalTools.RefinementChecker\KAOSFormalTools.RefinementChecker.csproj", "{81A27423-89EF-44D7-AB41-988C75E084D9}"
EndProject
Project("{FAE04EC0-301F-11D3-BF4B-00C04F79EFBC}") = "MetaModel", "MetaModel\MetaModel.csproj", "{BCF014E2-1425-4F2D-BDB1-693A1F6FABE2}"
EndProject
Project("{FAE04EC0-301F-11D3-BF4B-00C04F79EFBC}") = "KAOSFormalTools.Parsing", "KAOSFormalTools.Parsing\KAOSFormalTools.Parsing.csproj", "{52C948A2-30AD-40A7-89A3-9D66B2FCDD9F}"
EndProject
Project("{FAE04EC0-301F-11D3-BF4B-00C04F79EFBC}") = "KAOSFormalTools.Parsing.Tests", "KAOSFormalTools.Parsing.Tests\KAOSFormalTools.Parsing.Tests.csproj", "{283D3679-A09D-4FDC-AB94-2B55A0C4493A}"
EndProject
Project("{FAE04EC0-301F-11D3-BF4B-00C04F79EFBC}") = "KAOSFormalTools.ModelChecker", "KAOSFormalTools.ModelChecker\KAOSFormalTools.ModelChecker.csproj", "{6ABA53F3-9825-461F-9945-04735EFCEF14}"
EndProject
Project("{FAE04EC0-301F-11D3-BF4B-00C04F79EFBC}") = "KAOSFormalTools.ModelDrawing", "KAOSFormalTools.ModelDrawing\KAOSFormalTools.ModelDrawing.csproj", "{B868C8DA-65E4-4BF2-BAFA-3EEF9C84227F}"
EndProject
Project("{FAE04EC0-301F-11D3-BF4B-00C04F79EFBC}") = "KAOSFormalTools.OmnigraffleExport", "KAOSFormalTools.OmnigraffleExport\KAOSFormalTools.OmnigraffleExport.csproj", "{DFAE4D76-E744-4F28-BFE6-7525C52AC6C2}"
EndProject
Project("{FAE04EC0-301F-11D3-BF4B-00C04F79EFBC}") = "KAOSFormalTools.LatexExporter", "KAOSFormalTools.LatexExporter\KAOSFormalTools.LatexExporter.csproj", "{C1574D44-EB4F-4C2B-9F83-4DDC25AEC275}"
EndProject
Project("{FAE04EC0-301F-11D3-BF4B-00C04F79EFBC}") = "Utils", "Utils\Utils.csproj", "{C96BDFB0-950D-4DF0-9BFB-27EA7C8CABD3}"
EndProject
Project("{FAE04EC0-301F-11D3-BF4B-00C04F79EFBC}") = "MetaModel.Tests", "MetaModel.Tests\MetaModel.Tests.csproj", "{785D5DDF-8D86-485E-84C6-E429FC6CADE1}"
EndProject
Global
	GlobalSection(SolutionConfigurationPlatforms) = preSolution
		Debug|Any CPU = Debug|Any CPU
		Release|Any CPU = Release|Any CPU
		Debug|x86 = Debug|x86
		Release|x86 = Release|x86
		Default|Any CPU = Default|Any CPU
	EndGlobalSection
	GlobalSection(ProjectConfigurationPlatforms) = postSolution
		{20921B4C-B76A-4236-89B1-F5FFD025000B}.Debug|Any CPU.ActiveCfg = Debug|Any CPU
		{20921B4C-B76A-4236-89B1-F5FFD025000B}.Debug|Any CPU.Build.0 = Debug|Any CPU
		{20921B4C-B76A-4236-89B1-F5FFD025000B}.Debug|x86.ActiveCfg = Debug|Any CPU
		{20921B4C-B76A-4236-89B1-F5FFD025000B}.Debug|x86.Build.0 = Debug|Any CPU
		{20921B4C-B76A-4236-89B1-F5FFD025000B}.Default|Any CPU.ActiveCfg = Debug|Any CPU
		{20921B4C-B76A-4236-89B1-F5FFD025000B}.Default|Any CPU.Build.0 = Debug|Any CPU
		{20921B4C-B76A-4236-89B1-F5FFD025000B}.Release|Any CPU.ActiveCfg = Release|Any CPU
		{20921B4C-B76A-4236-89B1-F5FFD025000B}.Release|Any CPU.Build.0 = Release|Any CPU
		{20921B4C-B76A-4236-89B1-F5FFD025000B}.Release|x86.ActiveCfg = Release|Any CPU
		{20921B4C-B76A-4236-89B1-F5FFD025000B}.Release|x86.Build.0 = Release|Any CPU
		{283D3679-A09D-4FDC-AB94-2B55A0C4493A}.Debug|Any CPU.ActiveCfg = Debug|Any CPU
		{283D3679-A09D-4FDC-AB94-2B55A0C4493A}.Debug|Any CPU.Build.0 = Debug|Any CPU
		{283D3679-A09D-4FDC-AB94-2B55A0C4493A}.Debug|x86.ActiveCfg = Debug|Any CPU
		{283D3679-A09D-4FDC-AB94-2B55A0C4493A}.Debug|x86.Build.0 = Debug|Any CPU
		{283D3679-A09D-4FDC-AB94-2B55A0C4493A}.Default|Any CPU.ActiveCfg = Debug|Any CPU
		{283D3679-A09D-4FDC-AB94-2B55A0C4493A}.Default|Any CPU.Build.0 = Debug|Any CPU
		{283D3679-A09D-4FDC-AB94-2B55A0C4493A}.Release|Any CPU.ActiveCfg = Release|Any CPU
		{283D3679-A09D-4FDC-AB94-2B55A0C4493A}.Release|Any CPU.Build.0 = Release|Any CPU
		{283D3679-A09D-4FDC-AB94-2B55A0C4493A}.Release|x86.ActiveCfg = Release|Any CPU
		{283D3679-A09D-4FDC-AB94-2B55A0C4493A}.Release|x86.Build.0 = Release|Any CPU
		{52C948A2-30AD-40A7-89A3-9D66B2FCDD9F}.Debug|Any CPU.ActiveCfg = Debug|Any CPU
		{52C948A2-30AD-40A7-89A3-9D66B2FCDD9F}.Debug|Any CPU.Build.0 = Debug|Any CPU
		{52C948A2-30AD-40A7-89A3-9D66B2FCDD9F}.Debug|x86.ActiveCfg = Debug|Any CPU
		{52C948A2-30AD-40A7-89A3-9D66B2FCDD9F}.Debug|x86.Build.0 = Debug|Any CPU
		{52C948A2-30AD-40A7-89A3-9D66B2FCDD9F}.Release|Any CPU.ActiveCfg = Release|Any CPU
		{52C948A2-30AD-40A7-89A3-9D66B2FCDD9F}.Release|Any CPU.Build.0 = Release|Any CPU
		{52C948A2-30AD-40A7-89A3-9D66B2FCDD9F}.Release|x86.ActiveCfg = Release|Any CPU
		{52C948A2-30AD-40A7-89A3-9D66B2FCDD9F}.Release|x86.Build.0 = Release|Any CPU
		{6ABA53F3-9825-461F-9945-04735EFCEF14}.Debug|Any CPU.ActiveCfg = Debug|Any CPU
		{6ABA53F3-9825-461F-9945-04735EFCEF14}.Debug|Any CPU.Build.0 = Debug|Any CPU
		{6ABA53F3-9825-461F-9945-04735EFCEF14}.Debug|x86.ActiveCfg = Debug|Any CPU
		{6ABA53F3-9825-461F-9945-04735EFCEF14}.Debug|x86.Build.0 = Debug|Any CPU
		{6ABA53F3-9825-461F-9945-04735EFCEF14}.Default|Any CPU.ActiveCfg = Debug|Any CPU
		{6ABA53F3-9825-461F-9945-04735EFCEF14}.Default|Any CPU.Build.0 = Debug|Any CPU
		{6ABA53F3-9825-461F-9945-04735EFCEF14}.Release|Any CPU.ActiveCfg = Release|Any CPU
		{6ABA53F3-9825-461F-9945-04735EFCEF14}.Release|Any CPU.Build.0 = Release|Any CPU
		{6ABA53F3-9825-461F-9945-04735EFCEF14}.Release|x86.ActiveCfg = Release|Any CPU
		{6ABA53F3-9825-461F-9945-04735EFCEF14}.Release|x86.Build.0 = Release|Any CPU
		{785D5DDF-8D86-485E-84C6-E429FC6CADE1}.Debug|Any CPU.ActiveCfg = Debug|Any CPU
		{785D5DDF-8D86-485E-84C6-E429FC6CADE1}.Debug|Any CPU.Build.0 = Debug|Any CPU
		{785D5DDF-8D86-485E-84C6-E429FC6CADE1}.Debug|x86.ActiveCfg = Debug|Any CPU
		{785D5DDF-8D86-485E-84C6-E429FC6CADE1}.Debug|x86.Build.0 = Debug|Any CPU
		{785D5DDF-8D86-485E-84C6-E429FC6CADE1}.Default|Any CPU.ActiveCfg = Debug|Any CPU
		{785D5DDF-8D86-485E-84C6-E429FC6CADE1}.Default|Any CPU.Build.0 = Debug|Any CPU
		{785D5DDF-8D86-485E-84C6-E429FC6CADE1}.Release|Any CPU.ActiveCfg = Release|Any CPU
		{785D5DDF-8D86-485E-84C6-E429FC6CADE1}.Release|Any CPU.Build.0 = Release|Any CPU
		{785D5DDF-8D86-485E-84C6-E429FC6CADE1}.Release|x86.ActiveCfg = Release|Any CPU
		{785D5DDF-8D86-485E-84C6-E429FC6CADE1}.Release|x86.Build.0 = Release|Any CPU
		{81A27423-89EF-44D7-AB41-988C75E084D9}.Debug|Any CPU.ActiveCfg = Debug|Any CPU
		{81A27423-89EF-44D7-AB41-988C75E084D9}.Debug|Any CPU.Build.0 = Debug|Any CPU
		{81A27423-89EF-44D7-AB41-988C75E084D9}.Debug|x86.ActiveCfg = Debug|Any CPU
		{81A27423-89EF-44D7-AB41-988C75E084D9}.Debug|x86.Build.0 = Debug|Any CPU
		{81A27423-89EF-44D7-AB41-988C75E084D9}.Release|Any CPU.ActiveCfg = Release|Any CPU
		{81A27423-89EF-44D7-AB41-988C75E084D9}.Release|Any CPU.Build.0 = Release|Any CPU
		{81A27423-89EF-44D7-AB41-988C75E084D9}.Release|x86.ActiveCfg = Release|Any CPU
		{81A27423-89EF-44D7-AB41-988C75E084D9}.Release|x86.Build.0 = Release|Any CPU
		{B868C8DA-65E4-4BF2-BAFA-3EEF9C84227F}.Debug|Any CPU.ActiveCfg = Debug|Any CPU
		{B868C8DA-65E4-4BF2-BAFA-3EEF9C84227F}.Debug|Any CPU.Build.0 = Debug|Any CPU
		{B868C8DA-65E4-4BF2-BAFA-3EEF9C84227F}.Debug|x86.ActiveCfg = Debug|Any CPU
		{B868C8DA-65E4-4BF2-BAFA-3EEF9C84227F}.Debug|x86.Build.0 = Debug|Any CPU
		{B868C8DA-65E4-4BF2-BAFA-3EEF9C84227F}.Default|Any CPU.ActiveCfg = Debug|Any CPU
		{B868C8DA-65E4-4BF2-BAFA-3EEF9C84227F}.Default|Any CPU.Build.0 = Debug|Any CPU
		{B868C8DA-65E4-4BF2-BAFA-3EEF9C84227F}.Release|Any CPU.ActiveCfg = Release|Any CPU
		{B868C8DA-65E4-4BF2-BAFA-3EEF9C84227F}.Release|Any CPU.Build.0 = Release|Any CPU
		{B868C8DA-65E4-4BF2-BAFA-3EEF9C84227F}.Release|x86.ActiveCfg = Release|Any CPU
		{B868C8DA-65E4-4BF2-BAFA-3EEF9C84227F}.Release|x86.Build.0 = Release|Any CPU
		{BCF014E2-1425-4F2D-BDB1-693A1F6FABE2}.Debug|Any CPU.ActiveCfg = Debug|Any CPU
		{BCF014E2-1425-4F2D-BDB1-693A1F6FABE2}.Debug|Any CPU.Build.0 = Debug|Any CPU
		{BCF014E2-1425-4F2D-BDB1-693A1F6FABE2}.Debug|x86.ActiveCfg = Debug|Any CPU
		{BCF014E2-1425-4F2D-BDB1-693A1F6FABE2}.Debug|x86.Build.0 = Debug|Any CPU
		{BCF014E2-1425-4F2D-BDB1-693A1F6FABE2}.Release|Any CPU.ActiveCfg = Release|Any CPU
		{BCF014E2-1425-4F2D-BDB1-693A1F6FABE2}.Release|Any CPU.Build.0 = Release|Any CPU
		{BCF014E2-1425-4F2D-BDB1-693A1F6FABE2}.Release|x86.ActiveCfg = Release|Any CPU
		{BCF014E2-1425-4F2D-BDB1-693A1F6FABE2}.Release|x86.Build.0 = Release|Any CPU
		{C1574D44-EB4F-4C2B-9F83-4DDC25AEC275}.Debug|Any CPU.ActiveCfg = Debug|Any CPU
		{C1574D44-EB4F-4C2B-9F83-4DDC25AEC275}.Debug|Any CPU.Build.0 = Debug|Any CPU
		{C1574D44-EB4F-4C2B-9F83-4DDC25AEC275}.Debug|x86.ActiveCfg = Debug|Any CPU
		{C1574D44-EB4F-4C2B-9F83-4DDC25AEC275}.Debug|x86.Build.0 = Debug|Any CPU
		{C1574D44-EB4F-4C2B-9F83-4DDC25AEC275}.Default|Any CPU.ActiveCfg = Debug|Any CPU
		{C1574D44-EB4F-4C2B-9F83-4DDC25AEC275}.Default|Any CPU.Build.0 = Debug|Any CPU
		{C1574D44-EB4F-4C2B-9F83-4DDC25AEC275}.Release|Any CPU.ActiveCfg = Release|Any CPU
		{C1574D44-EB4F-4C2B-9F83-4DDC25AEC275}.Release|Any CPU.Build.0 = Release|Any CPU
		{C1574D44-EB4F-4C2B-9F83-4DDC25AEC275}.Release|x86.ActiveCfg = Release|Any CPU
		{C1574D44-EB4F-4C2B-9F83-4DDC25AEC275}.Release|x86.Build.0 = Release|Any CPU
		{C96BDFB0-950D-4DF0-9BFB-27EA7C8CABD3}.Debug|Any CPU.ActiveCfg = Debug|Any CPU
		{C96BDFB0-950D-4DF0-9BFB-27EA7C8CABD3}.Debug|Any CPU.Build.0 = Debug|Any CPU
		{C96BDFB0-950D-4DF0-9BFB-27EA7C8CABD3}.Debug|x86.ActiveCfg = Debug|Any CPU
		{C96BDFB0-950D-4DF0-9BFB-27EA7C8CABD3}.Debug|x86.Build.0 = Debug|Any CPU
		{C96BDFB0-950D-4DF0-9BFB-27EA7C8CABD3}.Default|Any CPU.ActiveCfg = Debug|Any CPU
		{C96BDFB0-950D-4DF0-9BFB-27EA7C8CABD3}.Default|Any CPU.Build.0 = Debug|Any CPU
		{C96BDFB0-950D-4DF0-9BFB-27EA7C8CABD3}.Release|Any CPU.ActiveCfg = Release|Any CPU
		{C96BDFB0-950D-4DF0-9BFB-27EA7C8CABD3}.Release|Any CPU.Build.0 = Release|Any CPU
		{C96BDFB0-950D-4DF0-9BFB-27EA7C8CABD3}.Release|x86.ActiveCfg = Release|Any CPU
		{C96BDFB0-950D-4DF0-9BFB-27EA7C8CABD3}.Release|x86.Build.0 = Release|Any CPU
		{DFAE4D76-E744-4F28-BFE6-7525C52AC6C2}.Debug|Any CPU.ActiveCfg = Debug|Any CPU
		{DFAE4D76-E744-4F28-BFE6-7525C52AC6C2}.Debug|Any CPU.Build.0 = Debug|Any CPU
		{DFAE4D76-E744-4F28-BFE6-7525C52AC6C2}.Debug|x86.ActiveCfg = Debug|Any CPU
		{DFAE4D76-E744-4F28-BFE6-7525C52AC6C2}.Debug|x86.Build.0 = Debug|Any CPU
		{DFAE4D76-E744-4F28-BFE6-7525C52AC6C2}.Default|Any CPU.ActiveCfg = Debug|Any CPU
		{DFAE4D76-E744-4F28-BFE6-7525C52AC6C2}.Default|Any CPU.Build.0 = Debug|Any CPU
		{DFAE4D76-E744-4F28-BFE6-7525C52AC6C2}.Release|Any CPU.ActiveCfg = Release|Any CPU
		{DFAE4D76-E744-4F28-BFE6-7525C52AC6C2}.Release|Any CPU.Build.0 = Release|Any CPU
		{DFAE4D76-E744-4F28-BFE6-7525C52AC6C2}.Release|x86.ActiveCfg = Release|Any CPU
		{DFAE4D76-E744-4F28-BFE6-7525C52AC6C2}.Release|x86.Build.0 = Release|Any CPU
	EndGlobalSection
	GlobalSection(MonoDevelopProperties) = preSolution
		StartupItem = KAOSFormalTools.RefinementChecker\KAOSFormalTools.RefinementChecker.csproj
		Policies = $0
		$0.TextStylePolicy = $1
		$1.FileWidth = 120
		$1.inheritsSet = VisualStudio
		$1.inheritsScope = text/plain
		$1.scope = text/plain
		$0.DotNetNamingPolicy = $2
		$2.DirectoryNamespaceAssociation = PrefixedHierarchical
		$2.ResourceNamePolicy = FileFormatDefault
	EndGlobalSection
EndGlobal
