
Microsoft Visual Studio Solution File, Format Version 11.00
# Visual Studio 2010
Project("{FAE04EC0-301F-11D3-BF4B-00C04F79EFBC}") = "KAOSFormalTools.RefinementChecker", "KAOSFormalTools.RefinementChecker\KAOSFormalTools.RefinementChecker.csproj", "{81A27423-89EF-44D7-AB41-988C75E084D9}"
EndProject
Project("{FAE04EC0-301F-11D3-BF4B-00C04F79EFBC}") = "KAOSFormalTools.Domain", "KAOSFormalTools.Domain\KAOSFormalTools.Domain.csproj", "{BCF014E2-1425-4F2D-BDB1-693A1F6FABE2}"
EndProject
Project("{FAE04EC0-301F-11D3-BF4B-00C04F79EFBC}") = "KAOSFormalTools.Parsing", "KAOSFormalTools.Parsing\KAOSFormalTools.Parsing.csproj", "{52C948A2-30AD-40A7-89A3-9D66B2FCDD9F}"
EndProject
Project("{FAE04EC0-301F-11D3-BF4B-00C04F79EFBC}") = "KAOSFormalTools.Parsing.Tests", "KAOSFormalTools.Parsing.Tests\KAOSFormalTools.Parsing.Tests.csproj", "{283D3679-A09D-4FDC-AB94-2B55A0C4493A}"
EndProject
Global
	GlobalSection(SolutionConfigurationPlatforms) = preSolution
		Debug|Any CPU = Debug|Any CPU
		Release|Any CPU = Release|Any CPU
		Debug|x86 = Debug|x86
		Release|x86 = Release|x86
		Default|Any CPU = Default|Any CPU
	EndGlobalSection
	GlobalSection(ProjectConfigurationPlatforms) = postSolution
		{283D3679-A09D-4FDC-AB94-2B55A0C4493A}.Debug|Any CPU.ActiveCfg = Debug|Any CPU
		{283D3679-A09D-4FDC-AB94-2B55A0C4493A}.Debug|Any CPU.Build.0 = Debug|Any CPU
		{283D3679-A09D-4FDC-AB94-2B55A0C4493A}.Debug|x86.ActiveCfg = Debug|Any CPU
		{283D3679-A09D-4FDC-AB94-2B55A0C4493A}.Debug|x86.Build.0 = Debug|Any CPU
		{283D3679-A09D-4FDC-AB94-2B55A0C4493A}.Default|Any CPU.ActiveCfg = Debug|Any CPU
		{283D3679-A09D-4FDC-AB94-2B55A0C4493A}.Default|Any CPU.Build.0 = Debug|Any CPU
		{283D3679-A09D-4FDC-AB94-2B55A0C4493A}.Release|Any CPU.ActiveCfg = Release|Any CPU
		{283D3679-A09D-4FDC-AB94-2B55A0C4493A}.Release|Any CPU.Build.0 = Release|Any CPU
		{283D3679-A09D-4FDC-AB94-2B55A0C4493A}.Release|x86.ActiveCfg = Release|Any CPU
		{283D3679-A09D-4FDC-AB94-2B55A0C4493A}.Release|x86.Build.0 = Release|Any CPU
		{52C948A2-30AD-40A7-89A3-9D66B2FCDD9F}.Debug|Any CPU.ActiveCfg = Debug|Any CPU
		{52C948A2-30AD-40A7-89A3-9D66B2FCDD9F}.Debug|Any CPU.Build.0 = Debug|Any CPU
		{52C948A2-30AD-40A7-89A3-9D66B2FCDD9F}.Debug|x86.ActiveCfg = Debug|Any CPU
		{52C948A2-30AD-40A7-89A3-9D66B2FCDD9F}.Debug|x86.Build.0 = Debug|Any CPU
		{52C948A2-30AD-40A7-89A3-9D66B2FCDD9F}.Release|Any CPU.ActiveCfg = Release|Any CPU
		{52C948A2-30AD-40A7-89A3-9D66B2FCDD9F}.Release|Any CPU.Build.0 = Release|Any CPU
		{52C948A2-30AD-40A7-89A3-9D66B2FCDD9F}.Release|x86.ActiveCfg = Release|Any CPU
		{52C948A2-30AD-40A7-89A3-9D66B2FCDD9F}.Release|x86.Build.0 = Release|Any CPU
		{81A27423-89EF-44D7-AB41-988C75E084D9}.Debug|Any CPU.ActiveCfg = Debug|Any CPU
		{81A27423-89EF-44D7-AB41-988C75E084D9}.Debug|Any CPU.Build.0 = Debug|Any CPU
		{81A27423-89EF-44D7-AB41-988C75E084D9}.Debug|x86.ActiveCfg = Debug|Any CPU
		{81A27423-89EF-44D7-AB41-988C75E084D9}.Debug|x86.Build.0 = Debug|Any CPU
		{81A27423-89EF-44D7-AB41-988C75E084D9}.Release|Any CPU.ActiveCfg = Release|Any CPU
		{81A27423-89EF-44D7-AB41-988C75E084D9}.Release|Any CPU.Build.0 = Release|Any CPU
		{81A27423-89EF-44D7-AB41-988C75E084D9}.Release|x86.ActiveCfg = Release|Any CPU
		{81A27423-89EF-44D7-AB41-988C75E084D9}.Release|x86.Build.0 = Release|Any CPU
		{BCF014E2-1425-4F2D-BDB1-693A1F6FABE2}.Debug|Any CPU.ActiveCfg = Debug|Any CPU
		{BCF014E2-1425-4F2D-BDB1-693A1F6FABE2}.Debug|Any CPU.Build.0 = Debug|Any CPU
		{BCF014E2-1425-4F2D-BDB1-693A1F6FABE2}.Debug|x86.ActiveCfg = Debug|Any CPU
		{BCF014E2-1425-4F2D-BDB1-693A1F6FABE2}.Debug|x86.Build.0 = Debug|Any CPU
		{BCF014E2-1425-4F2D-BDB1-693A1F6FABE2}.Release|Any CPU.ActiveCfg = Release|Any CPU
		{BCF014E2-1425-4F2D-BDB1-693A1F6FABE2}.Release|Any CPU.Build.0 = Release|Any CPU
		{BCF014E2-1425-4F2D-BDB1-693A1F6FABE2}.Release|x86.ActiveCfg = Release|Any CPU
		{BCF014E2-1425-4F2D-BDB1-693A1F6FABE2}.Release|x86.Build.0 = Release|Any CPU
	EndGlobalSection
	GlobalSection(MonoDevelopProperties) = preSolution
		StartupItem = KAOSFormalTools.RefinementChecker\KAOSFormalTools.RefinementChecker.csproj
		Policies = $0
		$0.TextStylePolicy = $1
		$1.FileWidth = 120
		$1.inheritsSet = VisualStudio
		$1.inheritsScope = text/plain
		$1.scope = text/plain
		$0.DotNetNamingPolicy = $2
		$2.DirectoryNamespaceAssociation = PrefixedHierarchical
		$2.ResourceNamePolicy = FileFormatDefault
	EndGlobalSection
EndGlobal
